
Microsoft Visual Studio Solution File, Format Version 12.00
# Visual Studio Version 16
VisualStudioVersion = 16.0.29123.89
MinimumVisualStudioVersion = 10.0.40219.1
Project("{9A19103F-16F7-4668-BE54-9A1E7A4F7556}") = "RadzenTest", "RadzenTest\RadzenTest.csproj", "{0567A2E1-46AD-48E2-B4C5-B61D78E01EC4}"
EndProject
Global
	GlobalSection(SolutionConfigurationPlatforms) = preSolution
		Debug|Any CPU = Debug|Any CPU
		Release|Any CPU = Release|Any CPU
	EndGlobalSection
	GlobalSection(ProjectConfigurationPlatforms) = postSolution
		{0567A2E1-46AD-48E2-B4C5-B61D78E01EC4}.Debug|Any CPU.ActiveCfg = Debug|Any CPU
		{0567A2E1-46AD-48E2-B4C5-B61D78E01EC4}.Debug|Any CPU.Build.0 = Debug|Any CPU
		{0567A2E1-46AD-48E2-B4C5-B61D78E01EC4}.Release|Any CPU.ActiveCfg = Release|Any CPU
		{0567A2E1-46AD-48E2-B4C5-B61D78E01EC4}.Release|Any CPU.Build.0 = Release|Any CPU
	EndGlobalSection
	GlobalSection(SolutionProperties) = preSolution
		HideSolutionNode = FALSE
	EndGlobalSection
	GlobalSection(ExtensibilityGlobals) = postSolution
		SolutionGuid = {B4AB17F3-9037-4886-8E25-F9CC54835B82}
	EndGlobalSection
EndGlobal
